version: 6
environments:
  default:
    channels:
    - url: https://conda.anaconda.org/conda-forge/
    indexes:
    - https://pypi.org/simple
    packages:
      linux-64:
      - conda: https://conda.anaconda.org/conda-forge/linux-64/_libgcc_mutex-0.1-conda_forge.tar.bz2
      - conda: https://conda.anaconda.org/conda-forge/linux-64/_openmp_mutex-4.5-2_gnu.tar.bz2
      - conda: https://conda.anaconda.org/conda-forge/linux-64/bzip2-1.0.8-h4bc722e_7.conda
      - conda: https://conda.anaconda.org/conda-forge/noarch/ca-certificates-2025.7.14-hbd8a1cb_0.conda
      - conda: https://conda.anaconda.org/conda-forge/linux-64/icu-75.1-he02047a_0.conda
      - conda: https://conda.anaconda.org/conda-forge/linux-64/ld_impl_linux-64-2.44-h1423503_1.conda
      - conda: https://conda.anaconda.org/conda-forge/linux-64/libexpat-2.7.1-hecca717_0.conda
      - conda: https://conda.anaconda.org/conda-forge/linux-64/libffi-3.4.6-h2dba641_1.conda
      - conda: https://conda.anaconda.org/conda-forge/linux-64/libgcc-14.3.0-h767d61c_3.conda
      - conda: https://conda.anaconda.org/conda-forge/linux-64/libgcc-ng-14.3.0-h69a702a_3.conda
      - conda: https://conda.anaconda.org/conda-forge/linux-64/libgomp-14.3.0-h767d61c_3.conda
      - conda: https://conda.anaconda.org/conda-forge/linux-64/liblzma-5.8.1-hb9d3cd8_2.conda
      - conda: https://conda.anaconda.org/conda-forge/linux-64/libnsl-2.0.1-hb9d3cd8_1.conda
      - conda: https://conda.anaconda.org/conda-forge/linux-64/libsqlite-3.50.3-hee844dc_1.conda
      - conda: https://conda.anaconda.org/conda-forge/linux-64/libstdcxx-14.3.0-h8f9b012_3.conda
      - conda: https://conda.anaconda.org/conda-forge/linux-64/libstdcxx-ng-14.3.0-h4852527_3.conda
      - conda: https://conda.anaconda.org/conda-forge/linux-64/libuuid-2.38.1-h0b41bf4_0.conda
      - conda: https://conda.anaconda.org/conda-forge/linux-64/libxcrypt-4.4.36-hd590300_1.conda
      - conda: https://conda.anaconda.org/conda-forge/linux-64/libzlib-1.3.1-hb9d3cd8_2.conda
      - conda: https://conda.anaconda.org/conda-forge/linux-64/ncurses-6.5-h2d0b736_3.conda
      - conda: https://conda.anaconda.org/conda-forge/linux-64/openssl-3.5.1-h7b32b05_0.conda
      - conda: https://conda.anaconda.org/conda-forge/linux-64/python-3.12.11-h9e4cc4f_0_cpython.conda
      - conda: https://conda.anaconda.org/conda-forge/linux-64/readline-8.2-h8c095d6_2.conda
      - conda: https://conda.anaconda.org/conda-forge/linux-64/tk-8.6.13-noxft_hd72426e_102.conda
      - conda: https://conda.anaconda.org/conda-forge/noarch/tzdata-2025b-h78e105d_0.conda
      - conda: https://conda.anaconda.org/conda-forge/linux-64/uv-0.8.3-heb9285d_0.conda
      - pypi: https://files.pythonhosted.org/packages/cc/8f/ec6289987824b29529d0dfda0d74a07cec60e54b9c92f3c9da4c0ac732de/contourpy-1.3.3-cp312-cp312-manylinux_2_27_x86_64.manylinux_2_28_x86_64.whl
      - pypi: https://files.pythonhosted.org/packages/e7/05/c19819d5e3d95294a6f5947fb9b9629efb316b96de511b418c53d245aae6/cycler-0.12.1-py3-none-any.whl
      - pypi: https://files.pythonhosted.org/packages/54/97/c6101a7e60ae138c4ef75b22434373a0da50a707dad523dd19a4889315bf/fonttools-4.59.0-cp312-cp312-manylinux1_x86_64.manylinux2014_x86_64.manylinux_2_17_x86_64.manylinux_2_5_x86_64.whl
      - pypi: https://files.pythonhosted.org/packages/2c/e1/e6716421ea10d38022b952c159d5161ca1193197fb744506875fbb87ea7b/iniconfig-2.1.0-py3-none-any.whl
      - pypi: https://files.pythonhosted.org/packages/bc/b3/9458adb9472e61a998c8c4d95cfdfec91c73c53a375b30b1428310f923e4/kiwisolver-1.4.8-cp312-cp312-manylinux_2_17_x86_64.manylinux2014_x86_64.whl
      - pypi: https://files.pythonhosted.org/packages/72/e5/8d7d93d216c3120a6ad53364cfddf10907f0a4951f1dab1a5ec10ce45aa8/ldpc-2.3.8-cp312-cp312-manylinux_2_24_x86_64.manylinux_2_28_x86_64.whl
      - pypi: https://files.pythonhosted.org/packages/c4/91/ba0ae1ff4b3f30972ad01cd4a8029e70a0ec3b8ea5be04764b128b66f763/matplotlib-3.10.3-cp312-cp312-manylinux_2_17_x86_64.manylinux2014_x86_64.whl
      - pypi: https://files.pythonhosted.org/packages/eb/8d/776adee7bbf76365fdd7f2552710282c79a4ead5d2a46408c9043a2b70ba/networkx-3.5-py3-none-any.whl
      - pypi: https://files.pythonhosted.org/packages/59/ef/f96536f1df42c668cbacb727a8c6da7afc9c05ece6d558927fb1722693e1/numpy-2.3.2-cp312-cp312-manylinux_2_27_x86_64.manylinux_2_28_x86_64.whl
      - pypi: https://files.pythonhosted.org/packages/20/12/38679034af332785aac8774540895e234f4d07f7545804097de4b666afd8/packaging-25.0-py3-none-any.whl
      - pypi: https://files.pythonhosted.org/packages/e4/c9/06dd4a38974e24f932ff5f98ea3c546ce3f8c995d3f0985f8e5ba48bba19/pillow-11.3.0-cp312-cp312-manylinux_2_27_x86_64.manylinux_2_28_x86_64.whl
      - pypi: https://files.pythonhosted.org/packages/54/20/4d324d65cc6d9205fabedc306948156824eb9f0ee1633355a8f7ec5c66bf/pluggy-1.6.0-py3-none-any.whl
      - pypi: https://files.pythonhosted.org/packages/c7/21/705964c7812476f378728bdf590ca4b771ec72385c533964653c68e86bdc/pygments-2.19.2-py3-none-any.whl
      - pypi: https://files.pythonhosted.org/packages/7e/66/eb16b60a47bac449b84b674ef11a65cc9f4151f8b0f59feae7121da9476f/pymatching-2.2.2-cp312-cp312-manylinux_2_17_x86_64.manylinux2014_x86_64.whl
      - pypi: https://files.pythonhosted.org/packages/05/e7/df2285f3d08fee213f2d041540fa4fc9ca6c2d44cf36d3a035bf2a8d2bcc/pyparsing-3.2.3-py3-none-any.whl
      - pypi: https://files.pythonhosted.org/packages/29/16/c8a903f4c4dffe7a12843191437d7cd8e32751d5de349d45d3fe69544e87/pytest-8.4.1-py3-none-any.whl
      - pypi: https://files.pythonhosted.org/packages/ec/57/56b9bcc3c9c6a792fcbaf139543cee77261f3651ca9da0c93f5c1221264b/python_dateutil-2.9.0.post0-py2.py3-none-any.whl
      - pypi: https://files.pythonhosted.org/packages/51/1e/79023ca3bbb13a015d7d2757ecca3b81293c663694c35d6541b4dca53e98/scipy-1.16.1-cp312-cp312-manylinux2014_x86_64.manylinux_2_17_x86_64.whl
      - pypi: https://files.pythonhosted.org/packages/62/45/be8193757e44880348dc9561bedadce0b815b408c959ceaf56c1863fd65d/sinter-1.15.0-py3-none-any.whl
      - pypi: https://files.pythonhosted.org/packages/b7/ce/149a00dd41f10bc29e5921b496af8b574d8413afcd5e30dfa0ed46c2cc5e/six-1.17.0-py2.py3-none-any.whl
      - pypi: https://files.pythonhosted.org/packages/5b/25/f3b56b07c0c3fb31cb973a5c47ef88da022a859940dd46c910b706fc74aa/stim-1.15.0-cp312-cp312-manylinux_2_17_x86_64.manylinux2014_x86_64.whl
      - pypi: https://files.pythonhosted.org/packages/d0/30/dc54f88dd4a2b5dc8a0279bdd7270e735851848b762aeb1c1184ed1f6b14/tqdm-4.67.1-py3-none-any.whl
packages:
- conda: https://conda.anaconda.org/conda-forge/linux-64/_libgcc_mutex-0.1-conda_forge.tar.bz2
  sha256: fe51de6107f9edc7aa4f786a70f4a883943bc9d39b3bb7307c04c41410990726
  md5: d7c89558ba9fa0495403155b64376d81
  arch: x86_64
  platform: linux
  license: None
  purls: []
  size: 2562
  timestamp: 1578324546067
- conda: https://conda.anaconda.org/conda-forge/linux-64/_openmp_mutex-4.5-2_gnu.tar.bz2
  build_number: 16
  sha256: fbe2c5e56a653bebb982eda4876a9178aedfc2b545f25d0ce9c4c0b508253d22
  md5: 73aaf86a425cc6e73fcf236a5a46396d
  depends:
  - _libgcc_mutex 0.1 conda_forge
  - libgomp >=7.5.0
  constrains:
  - openmp_impl 9999
  arch: x86_64
  platform: linux
  license: BSD-3-Clause
  license_family: BSD
  purls: []
  size: 23621
  timestamp: 1650670423406
- conda: https://conda.anaconda.org/conda-forge/linux-64/bzip2-1.0.8-h4bc722e_7.conda
  sha256: 5ced96500d945fb286c9c838e54fa759aa04a7129c59800f0846b4335cee770d
  md5: 62ee74e96c5ebb0af99386de58cf9553
  depends:
  - __glibc >=2.17,<3.0.a0
  - libgcc-ng >=12
  arch: x86_64
  platform: linux
  license: bzip2-1.0.6
  license_family: BSD
  purls: []
  size: 252783
  timestamp: 1720974456583
- conda: https://conda.anaconda.org/conda-forge/noarch/ca-certificates-2025.7.14-hbd8a1cb_0.conda
  sha256: 29defbd83c7829788358678ec996adeee252fa4d4274b7cd386c1ed73d2b201e
  md5: d16c90324aef024877d8713c0b7fea5b
  depends:
  - __unix
  license: ISC
  purls: []
  size: 155658
  timestamp: 1752482350666
- pypi: https://files.pythonhosted.org/packages/cc/8f/ec6289987824b29529d0dfda0d74a07cec60e54b9c92f3c9da4c0ac732de/contourpy-1.3.3-cp312-cp312-manylinux_2_27_x86_64.manylinux_2_28_x86_64.whl
  name: contourpy
  version: 1.3.3
  sha256: 4d00e655fcef08aba35ec9610536bfe90267d7ab5ba944f7032549c55a146da1
  requires_dist:
  - numpy>=1.25
  - furo ; extra == 'docs'
  - sphinx>=7.2 ; extra == 'docs'
  - sphinx-copybutton ; extra == 'docs'
  - bokeh ; extra == 'bokeh'
  - selenium ; extra == 'bokeh'
  - contourpy[bokeh,docs] ; extra == 'mypy'
  - bokeh ; extra == 'mypy'
  - docutils-stubs ; extra == 'mypy'
  - mypy==1.17.0 ; extra == 'mypy'
  - types-pillow ; extra == 'mypy'
  - contourpy[test-no-images] ; extra == 'test'
  - matplotlib ; extra == 'test'
  - pillow ; extra == 'test'
  - pytest ; extra == 'test-no-images'
  - pytest-cov ; extra == 'test-no-images'
  - pytest-rerunfailures ; extra == 'test-no-images'
  - pytest-xdist ; extra == 'test-no-images'
  - wurlitzer ; extra == 'test-no-images'
  requires_python: '>=3.11'
- pypi: https://files.pythonhosted.org/packages/e7/05/c19819d5e3d95294a6f5947fb9b9629efb316b96de511b418c53d245aae6/cycler-0.12.1-py3-none-any.whl
  name: cycler
  version: 0.12.1
  sha256: 85cef7cff222d8644161529808465972e51340599459b8ac3ccbac5a854e0d30
  requires_dist:
  - ipython ; extra == 'docs'
  - matplotlib ; extra == 'docs'
  - numpydoc ; extra == 'docs'
  - sphinx ; extra == 'docs'
  - pytest ; extra == 'tests'
  - pytest-cov ; extra == 'tests'
  - pytest-xdist ; extra == 'tests'
  requires_python: '>=3.8'
- pypi: https://files.pythonhosted.org/packages/54/97/c6101a7e60ae138c4ef75b22434373a0da50a707dad523dd19a4889315bf/fonttools-4.59.0-cp312-cp312-manylinux1_x86_64.manylinux2014_x86_64.manylinux_2_17_x86_64.manylinux_2_5_x86_64.whl
  name: fonttools
  version: 4.59.0
  sha256: 4536f2695fe5c1ffb528d84a35a7d3967e5558d2af58b4775e7ab1449d65767b
  requires_dist:
  - lxml>=4.0 ; extra == 'lxml'
  - brotli>=1.0.1 ; platform_python_implementation == 'CPython' and extra == 'woff'
  - brotlicffi>=0.8.0 ; platform_python_implementation != 'CPython' and extra == 'woff'
  - zopfli>=0.1.4 ; extra == 'woff'
  - unicodedata2>=15.1.0 ; python_full_version < '3.13' and extra == 'unicode'
  - lz4>=1.7.4.2 ; extra == 'graphite'
  - scipy ; platform_python_implementation != 'PyPy' and extra == 'interpolatable'
  - munkres ; platform_python_implementation == 'PyPy' and extra == 'interpolatable'
  - pycairo ; extra == 'interpolatable'
  - matplotlib ; extra == 'plot'
  - sympy ; extra == 'symfont'
  - xattr ; sys_platform == 'darwin' and extra == 'type1'
  - skia-pathops>=0.5.0 ; extra == 'pathops'
  - uharfbuzz>=0.23.0 ; extra == 'repacker'
  - lxml>=4.0 ; extra == 'all'
  - brotli>=1.0.1 ; platform_python_implementation == 'CPython' and extra == 'all'
  - brotlicffi>=0.8.0 ; platform_python_implementation != 'CPython' and extra == 'all'
  - zopfli>=0.1.4 ; extra == 'all'
  - unicodedata2>=15.1.0 ; python_full_version < '3.13' and extra == 'all'
  - lz4>=1.7.4.2 ; extra == 'all'
  - scipy ; platform_python_implementation != 'PyPy' and extra == 'all'
  - munkres ; platform_python_implementation == 'PyPy' and extra == 'all'
  - pycairo ; extra == 'all'
  - matplotlib ; extra == 'all'
  - sympy ; extra == 'all'
  - xattr ; sys_platform == 'darwin' and extra == 'all'
  - skia-pathops>=0.5.0 ; extra == 'all'
  - uharfbuzz>=0.23.0 ; extra == 'all'
  requires_python: '>=3.9'
- conda: https://conda.anaconda.org/conda-forge/linux-64/icu-75.1-he02047a_0.conda
  sha256: 71e750d509f5fa3421087ba88ef9a7b9be11c53174af3aa4d06aff4c18b38e8e
  md5: 8b189310083baabfb622af68fd9d3ae3
  depends:
  - __glibc >=2.17,<3.0.a0
  - libgcc-ng >=12
  - libstdcxx-ng >=12
  arch: x86_64
  platform: linux
  license: MIT
  license_family: MIT
  purls: []
  size: 12129203
  timestamp: 1720853576813
- pypi: https://files.pythonhosted.org/packages/2c/e1/e6716421ea10d38022b952c159d5161ca1193197fb744506875fbb87ea7b/iniconfig-2.1.0-py3-none-any.whl
  name: iniconfig
  version: 2.1.0
  sha256: 9deba5723312380e77435581c6bf4935c94cbfab9b1ed33ef8d238ea168eb760
  requires_python: '>=3.8'
- pypi: https://files.pythonhosted.org/packages/bc/b3/9458adb9472e61a998c8c4d95cfdfec91c73c53a375b30b1428310f923e4/kiwisolver-1.4.8-cp312-cp312-manylinux_2_17_x86_64.manylinux2014_x86_64.whl
  name: kiwisolver
  version: 1.4.8
  sha256: cc978a80a0db3a66d25767b03688f1147a69e6237175c0f4ffffaaedf744055a
  requires_python: '>=3.10'
- conda: https://conda.anaconda.org/conda-forge/linux-64/ld_impl_linux-64-2.44-h1423503_1.conda
  sha256: 1a620f27d79217c1295049ba214c2f80372062fd251b569e9873d4a953d27554
  md5: 0be7c6e070c19105f966d3758448d018
  depends:
  - __glibc >=2.17,<3.0.a0
  constrains:
  - binutils_impl_linux-64 2.44
  arch: x86_64
  platform: linux
  license: GPL-3.0-only
  license_family: GPL
  purls: []
  size: 676044
  timestamp: 1752032747103
- pypi: https://files.pythonhosted.org/packages/72/e5/8d7d93d216c3120a6ad53364cfddf10907f0a4951f1dab1a5ec10ce45aa8/ldpc-2.3.8-cp312-cp312-manylinux_2_24_x86_64.manylinux_2_28_x86_64.whl
  name: ldpc
  version: 2.3.8
  sha256: 512652b5d6676e0b31a8ae9add44f7f19103592d73262b499fd527835c8919ae
  requires_dist:
  - numpy>=1.24.0
  - scipy>=1.9.3
  - tqdm
  - pytest
  - stim
  - sinter>=1.12.0
  - pymatching
  requires_python: '>=3.9'
- conda: https://conda.anaconda.org/conda-forge/linux-64/libexpat-2.7.1-hecca717_0.conda
  sha256: da2080da8f0288b95dd86765c801c6e166c4619b910b11f9a8446fb852438dc2
  md5: 4211416ecba1866fab0c6470986c22d6
  depends:
  - __glibc >=2.17,<3.0.a0
  - libgcc >=14
  constrains:
  - expat 2.7.1.*
  arch: x86_64
  platform: linux
  license: MIT
  license_family: MIT
  purls: []
  size: 74811
  timestamp: 1752719572741
- conda: https://conda.anaconda.org/conda-forge/linux-64/libffi-3.4.6-h2dba641_1.conda
  sha256: 764432d32db45466e87f10621db5b74363a9f847d2b8b1f9743746cd160f06ab
  md5: ede4673863426c0883c0063d853bbd85
  depends:
  - __glibc >=2.17,<3.0.a0
  - libgcc >=13
  arch: x86_64
  platform: linux
  license: MIT
  license_family: MIT
  purls: []
  size: 57433
  timestamp: 1743434498161
- conda: https://conda.anaconda.org/conda-forge/linux-64/libgcc-14.3.0-h767d61c_3.conda
  sha256: cb05e85e62abba5d82e0902ff6d7cc578b1a811d4754ccb6bf438436eb1414e7
  md5: a540c7dba846693605f062b4375a7a38
  depends:
  - __glibc >=2.17,<3.0.a0
  - _openmp_mutex >=4.5
  constrains:
  - libgomp 14.3.0 h767d61c_3
  - libgcc-ng ==14.3.0=*_3
  arch: x86_64
  platform: linux
  license: GPL-3.0-only WITH GCC-exception-3.1
  license_family: GPL
  purls: []
  size: 821958
  timestamp: 1750808381771
- conda: https://conda.anaconda.org/conda-forge/linux-64/libgcc-ng-14.3.0-h69a702a_3.conda
  sha256: 83fb57adf08c3f523f2836bfd090206ab88a579fcf7aa3aa1fe59f3e83b90ea7
  md5: 2df292e90325f4252e3d29f14ae98e78
  depends:
  - libgcc 14.3.0 h767d61c_3
  arch: x86_64
  platform: linux
  license: GPL-3.0-only WITH GCC-exception-3.1
  license_family: GPL
  purls: []
  size: 29039
  timestamp: 1750808387511
- conda: https://conda.anaconda.org/conda-forge/linux-64/libgomp-14.3.0-h767d61c_3.conda
  sha256: e2cfcb61f1fed52275db0f72eae2c196736e674e04fa472b164081a71913c6e8
  md5: f831e43fc0f7358518ecf63acc01464b
  depends:
  - __glibc >=2.17,<3.0.a0
  arch: x86_64
  platform: linux
  license: GPL-3.0-only WITH GCC-exception-3.1
  license_family: GPL
  purls: []
  size: 435166
  timestamp: 1750808314714
- conda: https://conda.anaconda.org/conda-forge/linux-64/liblzma-5.8.1-hb9d3cd8_2.conda
  sha256: f2591c0069447bbe28d4d696b7fcb0c5bd0b4ac582769b89addbcf26fb3430d8
  md5: 1a580f7796c7bf6393fddb8bbbde58dc
  depends:
  - __glibc >=2.17,<3.0.a0
  - libgcc >=13
  constrains:
  - xz 5.8.1.*
  arch: x86_64
  platform: linux
  license: 0BSD
  purls: []
  size: 112894
  timestamp: 1749230047870
- conda: https://conda.anaconda.org/conda-forge/linux-64/libnsl-2.0.1-hb9d3cd8_1.conda
  sha256: 927fe72b054277cde6cb82597d0fcf6baf127dcbce2e0a9d8925a68f1265eef5
  md5: d864d34357c3b65a4b731f78c0801dc4
  depends:
  - __glibc >=2.17,<3.0.a0
  - libgcc >=13
  arch: x86_64
  platform: linux
  license: LGPL-2.1-only
  license_family: GPL
  purls: []
  size: 33731
  timestamp: 1750274110928
- conda: https://conda.anaconda.org/conda-forge/linux-64/libsqlite-3.50.3-hee844dc_1.conda
  sha256: 8c4faf560815a6d6b5edadc019f76d22a45171eaa707a1f1d1898ceda74b2e3f
  md5: 18d2ac95b507ada9ca159a6bd73255f7
  depends:
  - __glibc >=2.17,<3.0.a0
  - icu >=75.1,<76.0a0
  - libgcc >=14
  - libzlib >=1.3.1,<2.0a0
  arch: x86_64
  platform: linux
  license: blessing
  purls: []
  size: 936339
  timestamp: 1753262589168
- conda: https://conda.anaconda.org/conda-forge/linux-64/libstdcxx-14.3.0-h8f9b012_3.conda
  sha256: 15a4859155bfa1c901a531a388e8638e2edce3b4082504e5efbb7d04f4eb0210
  md5: 0ef4cb7fef6f564b03b2825c59221c28
  depends:
  - __glibc >=2.17,<3.0.a0
  - libgcc 14.3.0 h767d61c_3
  arch: x86_64
  platform: linux
  license: GPL-3.0-only WITH GCC-exception-3.1
  license_family: GPL
  purls: []
  size: 3863872
  timestamp: 1750808408743
- conda: https://conda.anaconda.org/conda-forge/linux-64/libstdcxx-ng-14.3.0-h4852527_3.conda
  sha256: e6bc95afa2d6fed3e484b887f6a26bce7aad0cb66a0a0da98dc765c2390e3c18
  md5: bf57e2923c63c0a341246151dab52e72
  depends:
  - libstdcxx 14.3.0 h8f9b012_3
  arch: x86_64
  platform: linux
  license: GPL-3.0-only WITH GCC-exception-3.1
  license_family: GPL
  purls: []
  size: 29060
  timestamp: 1750808441952
- conda: https://conda.anaconda.org/conda-forge/linux-64/libuuid-2.38.1-h0b41bf4_0.conda
  sha256: 787eb542f055a2b3de553614b25f09eefb0a0931b0c87dbcce6efdfd92f04f18
  md5: 40b61aab5c7ba9ff276c41cfffe6b80b
  depends:
  - libgcc-ng >=12
  arch: x86_64
  platform: linux
  license: BSD-3-Clause
  license_family: BSD
  purls: []
  size: 33601
  timestamp: 1680112270483
- conda: https://conda.anaconda.org/conda-forge/linux-64/libxcrypt-4.4.36-hd590300_1.conda
  sha256: 6ae68e0b86423ef188196fff6207ed0c8195dd84273cb5623b85aa08033a410c
  md5: 5aa797f8787fe7a17d1b0821485b5adc
  depends:
  - libgcc-ng >=12
  arch: x86_64
  platform: linux
  license: LGPL-2.1-or-later
  purls: []
  size: 100393
  timestamp: 1702724383534
- conda: https://conda.anaconda.org/conda-forge/linux-64/libzlib-1.3.1-hb9d3cd8_2.conda
  sha256: d4bfe88d7cb447768e31650f06257995601f89076080e76df55e3112d4e47dc4
  md5: edb0dca6bc32e4f4789199455a1dbeb8
  depends:
  - __glibc >=2.17,<3.0.a0
  - libgcc >=13
  constrains:
  - zlib 1.3.1 *_2
  arch: x86_64
  platform: linux
  license: Zlib
  license_family: Other
  purls: []
  size: 60963
  timestamp: 1727963148474
- pypi: https://files.pythonhosted.org/packages/c4/91/ba0ae1ff4b3f30972ad01cd4a8029e70a0ec3b8ea5be04764b128b66f763/matplotlib-3.10.3-cp312-cp312-manylinux_2_17_x86_64.manylinux2014_x86_64.whl
  name: matplotlib
  version: 3.10.3
  sha256: ed70453fd99733293ace1aec568255bc51c6361cb0da94fa5ebf0649fdb2150a
  requires_dist:
  - contourpy>=1.0.1
  - cycler>=0.10
  - fonttools>=4.22.0
  - kiwisolver>=1.3.1
  - numpy>=1.23
  - packaging>=20.0
  - pillow>=8
  - pyparsing>=2.3.1
  - python-dateutil>=2.7
  - meson-python>=0.13.1,<0.17.0 ; extra == 'dev'
  - pybind11>=2.13.2,!=2.13.3 ; extra == 'dev'
  - setuptools-scm>=7 ; extra == 'dev'
  - setuptools>=64 ; extra == 'dev'
  requires_python: '>=3.10'
- conda: https://conda.anaconda.org/conda-forge/linux-64/ncurses-6.5-h2d0b736_3.conda
  sha256: 3fde293232fa3fca98635e1167de6b7c7fda83caf24b9d6c91ec9eefb4f4d586
  md5: 47e340acb35de30501a76c7c799c41d7
  depends:
  - __glibc >=2.17,<3.0.a0
  - libgcc >=13
  arch: x86_64
  platform: linux
  license: X11 AND BSD-3-Clause
  purls: []
  size: 891641
  timestamp: 1738195959188
- pypi: https://files.pythonhosted.org/packages/eb/8d/776adee7bbf76365fdd7f2552710282c79a4ead5d2a46408c9043a2b70ba/networkx-3.5-py3-none-any.whl
  name: networkx
  version: '3.5'
  sha256: 0030d386a9a06dee3565298b4a734b68589749a544acbb6c412dc9e2489ec6ec
  requires_dist:
  - numpy>=1.25 ; extra == 'default'
  - scipy>=1.11.2 ; extra == 'default'
  - matplotlib>=3.8 ; extra == 'default'
  - pandas>=2.0 ; extra == 'default'
  - pre-commit>=4.1 ; extra == 'developer'
  - mypy>=1.15 ; extra == 'developer'
  - sphinx>=8.0 ; extra == 'doc'
  - pydata-sphinx-theme>=0.16 ; extra == 'doc'
  - sphinx-gallery>=0.18 ; extra == 'doc'
  - numpydoc>=1.8.0 ; extra == 'doc'
  - pillow>=10 ; extra == 'doc'
  - texext>=0.6.7 ; extra == 'doc'
  - myst-nb>=1.1 ; extra == 'doc'
  - intersphinx-registry ; extra == 'doc'
  - osmnx>=2.0.0 ; extra == 'example'
  - momepy>=0.7.2 ; extra == 'example'
  - contextily>=1.6 ; extra == 'example'
  - seaborn>=0.13 ; extra == 'example'
  - cairocffi>=1.7 ; extra == 'example'
  - igraph>=0.11 ; extra == 'example'
  - scikit-learn>=1.5 ; extra == 'example'
  - lxml>=4.6 ; extra == 'extra'
  - pygraphviz>=1.14 ; extra == 'extra'
  - pydot>=3.0.1 ; extra == 'extra'
  - sympy>=1.10 ; extra == 'extra'
  - pytest>=7.2 ; extra == 'test'
  - pytest-cov>=4.0 ; extra == 'test'
  - pytest-xdist>=3.0 ; extra == 'test'
  - pytest-mpl ; extra == 'test-extras'
  - pytest-randomly ; extra == 'test-extras'
  requires_python: '>=3.11'
- pypi: https://files.pythonhosted.org/packages/59/ef/f96536f1df42c668cbacb727a8c6da7afc9c05ece6d558927fb1722693e1/numpy-2.3.2-cp312-cp312-manylinux_2_27_x86_64.manylinux_2_28_x86_64.whl
  name: numpy
  version: 2.3.2
  sha256: 8145dd6d10df13c559d1e4314df29695613575183fa2e2d11fac4c208c8a1f73
  requires_python: '>=3.11'
- conda: https://conda.anaconda.org/conda-forge/linux-64/openssl-3.5.1-h7b32b05_0.conda
  sha256: 942347492164190559e995930adcdf84e2fea05307ec8012c02a505f5be87462
  md5: c87df2ab1448ba69169652ab9547082d
  depends:
  - __glibc >=2.17,<3.0.a0
  - ca-certificates
  - libgcc >=13
  arch: x86_64
  platform: linux
  license: Apache-2.0
  license_family: Apache
  purls: []
  size: 3131002
  timestamp: 1751390382076
- pypi: https://files.pythonhosted.org/packages/20/12/38679034af332785aac8774540895e234f4d07f7545804097de4b666afd8/packaging-25.0-py3-none-any.whl
  name: packaging
  version: '25.0'
  sha256: 29572ef2b1f17581046b3a2227d5c611fb25ec70ca1ba8554b24b0e69331a484
  requires_python: '>=3.8'
- pypi: https://files.pythonhosted.org/packages/e4/c9/06dd4a38974e24f932ff5f98ea3c546ce3f8c995d3f0985f8e5ba48bba19/pillow-11.3.0-cp312-cp312-manylinux_2_27_x86_64.manylinux_2_28_x86_64.whl
  name: pillow
  version: 11.3.0
  sha256: 676b2815362456b5b3216b4fd5bd89d362100dc6f4945154ff172e206a22c024
  requires_dist:
  - furo ; extra == 'docs'
  - olefile ; extra == 'docs'
  - sphinx>=8.2 ; extra == 'docs'
  - sphinx-autobuild ; extra == 'docs'
  - sphinx-copybutton ; extra == 'docs'
  - sphinx-inline-tabs ; extra == 'docs'
  - sphinxext-opengraph ; extra == 'docs'
  - olefile ; extra == 'fpx'
  - olefile ; extra == 'mic'
  - pyarrow ; extra == 'test-arrow'
  - check-manifest ; extra == 'tests'
  - coverage>=7.4.2 ; extra == 'tests'
  - defusedxml ; extra == 'tests'
  - markdown2 ; extra == 'tests'
  - olefile ; extra == 'tests'
  - packaging ; extra == 'tests'
  - pyroma ; extra == 'tests'
  - pytest ; extra == 'tests'
  - pytest-cov ; extra == 'tests'
  - pytest-timeout ; extra == 'tests'
  - pytest-xdist ; extra == 'tests'
  - trove-classifiers>=2024.10.12 ; extra == 'tests'
  - typing-extensions ; python_full_version < '3.10' and extra == 'typing'
  - defusedxml ; extra == 'xmp'
  requires_python: '>=3.9'
- pypi: https://files.pythonhosted.org/packages/54/20/4d324d65cc6d9205fabedc306948156824eb9f0ee1633355a8f7ec5c66bf/pluggy-1.6.0-py3-none-any.whl
  name: pluggy
  version: 1.6.0
  sha256: e920276dd6813095e9377c0bc5566d94c932c33b27a3e3945d8389c374dd4746
  requires_dist:
  - pre-commit ; extra == 'dev'
  - tox ; extra == 'dev'
  - pytest ; extra == 'testing'
  - pytest-benchmark ; extra == 'testing'
  - coverage ; extra == 'testing'
  requires_python: '>=3.9'
- pypi: https://files.pythonhosted.org/packages/c7/21/705964c7812476f378728bdf590ca4b771ec72385c533964653c68e86bdc/pygments-2.19.2-py3-none-any.whl
  name: pygments
  version: 2.19.2
  sha256: 86540386c03d588bb81d44bc3928634ff26449851e99741617ecb9037ee5ec0b
  requires_dist:
  - colorama>=0.4.6 ; extra == 'windows-terminal'
  requires_python: '>=3.8'
- pypi: https://files.pythonhosted.org/packages/7e/66/eb16b60a47bac449b84b674ef11a65cc9f4151f8b0f59feae7121da9476f/pymatching-2.2.2-cp312-cp312-manylinux_2_17_x86_64.manylinux2014_x86_64.whl
  name: pymatching
  version: 2.2.2
  sha256: 7ffc778d3cc689acaf65de74898d1ac90215c5e4455599fdcda833695bcd5509
  requires_dist:
  - scipy
  - numpy
  - networkx
  - matplotlib
  - pytest>=6.0 ; extra == 'test'
  requires_python: '>=3.7'
- pypi: https://files.pythonhosted.org/packages/05/e7/df2285f3d08fee213f2d041540fa4fc9ca6c2d44cf36d3a035bf2a8d2bcc/pyparsing-3.2.3-py3-none-any.whl
  name: pyparsing
  version: 3.2.3
  sha256: a749938e02d6fd0b59b356ca504a24982314bb090c383e3cf201c95ef7e2bfcf
  requires_dist:
  - railroad-diagrams ; extra == 'diagrams'
  - jinja2 ; extra == 'diagrams'
  requires_python: '>=3.9'
- pypi: https://files.pythonhosted.org/packages/29/16/c8a903f4c4dffe7a12843191437d7cd8e32751d5de349d45d3fe69544e87/pytest-8.4.1-py3-none-any.whl
  name: pytest
  version: 8.4.1
  sha256: 539c70ba6fcead8e78eebbf1115e8b589e7565830d7d006a8723f19ac8a0afb7
  requires_dist:
  - colorama>=0.4 ; sys_platform == 'win32'
  - exceptiongroup>=1 ; python_full_version < '3.11'
  - iniconfig>=1
  - packaging>=20
  - pluggy>=1.5,<2
  - pygments>=2.7.2
  - tomli>=1 ; python_full_version < '3.11'
  - argcomplete ; extra == 'dev'
  - attrs>=19.2 ; extra == 'dev'
  - hypothesis>=3.56 ; extra == 'dev'
  - mock ; extra == 'dev'
  - requests ; extra == 'dev'
  - setuptools ; extra == 'dev'
  - xmlschema ; extra == 'dev'
  requires_python: '>=3.9'
- conda: https://conda.anaconda.org/conda-forge/linux-64/python-3.12.11-h9e4cc4f_0_cpython.conda
  sha256: 6cca004806ceceea9585d4d655059e951152fc774a471593d4f5138e6a54c81d
  md5: 94206474a5608243a10c92cefbe0908f
  depends:
  - __glibc >=2.17,<3.0.a0
  - bzip2 >=1.0.8,<2.0a0
  - ld_impl_linux-64 >=2.36.1
  - libexpat >=2.7.0,<3.0a0
  - libffi >=3.4.6,<3.5.0a0
  - libgcc >=13
  - liblzma >=5.8.1,<6.0a0
  - libnsl >=2.0.1,<2.1.0a0
  - libsqlite >=3.50.0,<4.0a0
  - libuuid >=2.38.1,<3.0a0
  - libxcrypt >=4.4.36
  - libzlib >=1.3.1,<2.0a0
  - ncurses >=6.5,<7.0a0
  - openssl >=3.5.0,<4.0a0
  - readline >=8.2,<9.0a0
  - tk >=8.6.13,<8.7.0a0
  - tzdata
  constrains:
  - python_abi 3.12.* *_cp312
  arch: x86_64
  platform: linux
  license: Python-2.0
  purls: []
  size: 31445023
  timestamp: 1749050216615
- pypi: https://files.pythonhosted.org/packages/ec/57/56b9bcc3c9c6a792fcbaf139543cee77261f3651ca9da0c93f5c1221264b/python_dateutil-2.9.0.post0-py2.py3-none-any.whl
  name: python-dateutil
  version: 2.9.0.post0
  sha256: a8b2bc7bffae282281c8140a97d3aa9c14da0b136dfe83f850eea9a5f7470427
  requires_dist:
  - six>=1.5
  requires_python: '>=2.7,!=3.0.*,!=3.1.*,!=3.2.*'
- conda: https://conda.anaconda.org/conda-forge/linux-64/readline-8.2-h8c095d6_2.conda
  sha256: 2d6d0c026902561ed77cd646b5021aef2d4db22e57a5b0178dfc669231e06d2c
  md5: 283b96675859b20a825f8fa30f311446
  depends:
  - libgcc >=13
  - ncurses >=6.5,<7.0a0
  arch: x86_64
  platform: linux
  license: GPL-3.0-only
  license_family: GPL
  purls: []
  size: 282480
  timestamp: 1740379431762
- pypi: https://files.pythonhosted.org/packages/51/1e/79023ca3bbb13a015d7d2757ecca3b81293c663694c35d6541b4dca53e98/scipy-1.16.1-cp312-cp312-manylinux2014_x86_64.manylinux_2_17_x86_64.whl
  name: scipy
  version: 1.16.1
  sha256: f965bbf3235b01c776115ab18f092a95aa74c271a52577bcb0563e85738fd618
  requires_dist:
  - numpy>=1.25.2,<2.6
  - pytest ; extra == 'test'
  - pytest-cov ; extra == 'test'
  - pytest-timeout ; extra == 'test'
  - pytest-xdist ; extra == 'test'
  - asv ; extra == 'test'
  - mpmath ; extra == 'test'
  - gmpy2 ; extra == 'test'
  - threadpoolctl ; extra == 'test'
  - scikit-umfpack ; extra == 'test'
  - pooch ; extra == 'test'
  - hypothesis>=6.30 ; extra == 'test'
  - array-api-strict>=2.3.1 ; extra == 'test'
  - cython ; extra == 'test'
  - meson ; extra == 'test'
  - ninja ; sys_platform != 'emscripten' and extra == 'test'
  - sphinx>=5.0.0,<8.2.0 ; extra == 'doc'
  - intersphinx-registry ; extra == 'doc'
  - pydata-sphinx-theme>=0.15.2 ; extra == 'doc'
  - sphinx-copybutton ; extra == 'doc'
  - sphinx-design>=0.4.0 ; extra == 'doc'
  - matplotlib>=3.5 ; extra == 'doc'
  - numpydoc ; extra == 'doc'
  - jupytext ; extra == 'doc'
  - myst-nb>=1.2.0 ; extra == 'doc'
  - pooch ; extra == 'doc'
  - jupyterlite-sphinx>=0.19.1 ; extra == 'doc'
  - jupyterlite-pyodide-kernel ; extra == 'doc'
  - linkify-it-py ; extra == 'doc'
  - mypy==1.10.0 ; extra == 'dev'
  - typing-extensions ; extra == 'dev'
  - types-psutil ; extra == 'dev'
  - pycodestyle ; extra == 'dev'
  - ruff>=0.0.292 ; extra == 'dev'
  - cython-lint>=0.12.2 ; extra == 'dev'
  - rich-click ; extra == 'dev'
  - doit>=0.36.0 ; extra == 'dev'
  - pydevtool ; extra == 'dev'
  requires_python: '>=3.11'
- pypi: https://files.pythonhosted.org/packages/62/45/be8193757e44880348dc9561bedadce0b815b408c959ceaf56c1863fd65d/sinter-1.15.0-py3-none-any.whl
  name: sinter
  version: 1.15.0
  sha256: 6bec05cc643e301192c2acaca9ede464576572635c5e25a592e48294b7e53bed
  requires_dist:
  - matplotlib
  - numpy
  - stim
  - scipy
  requires_python: '>=3.7.0'
- pypi: https://files.pythonhosted.org/packages/b7/ce/149a00dd41f10bc29e5921b496af8b574d8413afcd5e30dfa0ed46c2cc5e/six-1.17.0-py2.py3-none-any.whl
  name: six
  version: 1.17.0
  sha256: 4721f391ed90541fddacab5acf947aa0d3dc7d27b2e1e8eda2be8970586c3274
  requires_python: '>=2.7,!=3.0.*,!=3.1.*,!=3.2.*'
- pypi: https://files.pythonhosted.org/packages/5b/25/f3b56b07c0c3fb31cb973a5c47ef88da022a859940dd46c910b706fc74aa/stim-1.15.0-cp312-cp312-manylinux_2_17_x86_64.manylinux2014_x86_64.whl
  name: stim
  version: 1.15.0
  sha256: fdd9e5ab85ba2fb113b8834422518f6e46a4aea2e0f6f7305cfc2ad0fcd07086
  requires_dist:
  - numpy
  requires_python: '>=3.6.0'
- conda: https://conda.anaconda.org/conda-forge/linux-64/tk-8.6.13-noxft_hd72426e_102.conda
  sha256: a84ff687119e6d8752346d1d408d5cf360dee0badd487a472aa8ddedfdc219e1
  md5: a0116df4f4ed05c303811a837d5b39d8
  depends:
  - __glibc >=2.17,<3.0.a0
  - libgcc >=13
  - libzlib >=1.3.1,<2.0a0
  arch: x86_64
  platform: linux
  license: TCL
  license_family: BSD
  purls: []
  size: 3285204
  timestamp: 1748387766691
- pypi: https://files.pythonhosted.org/packages/d0/30/dc54f88dd4a2b5dc8a0279bdd7270e735851848b762aeb1c1184ed1f6b14/tqdm-4.67.1-py3-none-any.whl
  name: tqdm
  version: 4.67.1
  sha256: 26445eca388f82e72884e0d580d5464cd801a3ea01e63e5601bdff9ba6a48de2
  requires_dist:
  - colorama ; sys_platform == 'win32'
  - pytest>=6 ; extra == 'dev'
  - pytest-cov ; extra == 'dev'
  - pytest-timeout ; extra == 'dev'
  - pytest-asyncio>=0.24 ; extra == 'dev'
  - nbval ; extra == 'dev'
  - requests ; extra == 'discord'
  - slack-sdk ; extra == 'slack'
  - requests ; extra == 'telegram'
  - ipywidgets>=6 ; extra == 'notebook'
  requires_python: '>=3.7'
- conda: https://conda.anaconda.org/conda-forge/noarch/tzdata-2025b-h78e105d_0.conda
  sha256: 5aaa366385d716557e365f0a4e9c3fca43ba196872abbbe3d56bb610d131e192
  md5: 4222072737ccff51314b5ece9c7d6f5a
  license: LicenseRef-Public-Domain
  purls: []
  size: 122968
  timestamp: 1742727099393
- conda: https://conda.anaconda.org/conda-forge/linux-64/uv-0.8.3-heb9285d_0.conda
  sha256: 4bd6269ad3eb3b5f039f4771194e7525a5fbe664165224c7718881f65d3ca22c
  md5: 895f133ed73d608449395160af76ca6f
  depends:
  - libgcc >=14
  - __glibc >=2.17,<3.0.a0
  - libstdcxx >=14
  - libgcc >=14
  constrains:
  - __glibc >=2.17
  arch: x86_64
  platform: linux
  license: Apache-2.0 OR MIT
  purls: []
  size: 14503879
  timestamp: 1753451013110
